
Microsoft Visual Studio Solution File, Format Version 12.00
# Visual Studio Version 17
VisualStudioVersion = 17.1.32421.90
MinimumVisualStudioVersion = 10.0.40219.1
Project("{9A19103F-16F7-4668-BE54-9A1E7A4F7556}") = "WebApplicationRmz", "WebApplicationRmz\WebApplicationRmz.csproj", "{9DE5D2EE-C1B5-475C-A441-9098DEBAE0DC}"
EndProject
Project("{FAE04EC0-301F-11D3-BF4B-00C04F79EFBC}") = "TestWebApplicationRmz", "TestWebApplicationRmz\TestWebApplicationRmz.csproj", "{B0CC824D-B79C-4BE0-B4EC-90414E627418}"
EndProject
Global
	GlobalSection(SolutionConfigurationPlatforms) = preSolution
		Debug|Any CPU = Debug|Any CPU
		Release|Any CPU = Release|Any CPU
	EndGlobalSection
	GlobalSection(ProjectConfigurationPlatforms) = postSolution
		{9DE5D2EE-C1B5-475C-A441-9098DEBAE0DC}.Debug|Any CPU.ActiveCfg = Debug|Any CPU
		{9DE5D2EE-C1B5-475C-A441-9098DEBAE0DC}.Debug|Any CPU.Build.0 = Debug|Any CPU
		{9DE5D2EE-C1B5-475C-A441-9098DEBAE0DC}.Release|Any CPU.ActiveCfg = Release|Any CPU
		{9DE5D2EE-C1B5-475C-A441-9098DEBAE0DC}.Release|Any CPU.Build.0 = Release|Any CPU
		{B0CC824D-B79C-4BE0-B4EC-90414E627418}.Debug|Any CPU.ActiveCfg = Debug|Any CPU
		{B0CC824D-B79C-4BE0-B4EC-90414E627418}.Debug|Any CPU.Build.0 = Debug|Any CPU
		{B0CC824D-B79C-4BE0-B4EC-90414E627418}.Release|Any CPU.ActiveCfg = Release|Any CPU
		{B0CC824D-B79C-4BE0-B4EC-90414E627418}.Release|Any CPU.Build.0 = Release|Any CPU
	EndGlobalSection
	GlobalSection(SolutionProperties) = preSolution
		HideSolutionNode = FALSE
	EndGlobalSection
	GlobalSection(ExtensibilityGlobals) = postSolution
		SolutionGuid = {0664831C-5CAB-4E6C-935C-184D2771363B}
	EndGlobalSection
EndGlobal
